
Microsoft Visual Studio Solution File, Format Version 12.00
# Visual Studio 15
Project("{FAE04EC0-301F-11D3-BF4B-00C04F79EFBC}") = "UnityEngine.TestRunner", "UnityEngine.TestRunner.csproj", "{4161ECCF-7B07-C30C-37C1-01B068F7C8A3}"
EndProject
Project("{FAE04EC0-301F-11D3-BF4B-00C04F79EFBC}") = "UnityEngine.UI", "UnityEngine.UI.csproj", "{122859D1-3ACF-625F-EFAE-352D7C62BA9C}"
EndProject
Project("{FAE04EC0-301F-11D3-BF4B-00C04F79EFBC}") = "Unity.VisualScripting.Flow", "Unity.VisualScripting.Flow.csproj", "{C3331D44-3579-71C6-EACC-D131E8AB35B4}"
EndProject
Project("{FAE04EC0-301F-11D3-BF4B-00C04F79EFBC}") = "Unity.VisualScripting.State", "Unity.VisualScripting.State.csproj", "{14D39FDC-90CA-1CB7-7DBD-E5FCBEEFE677}"
EndProject
Project("{FAE04EC0-301F-11D3-BF4B-00C04F79EFBC}") = "Unity.VisualScripting.Core", "Unity.VisualScripting.Core.csproj", "{F13F1161-D871-EC9A-CFBD-DC6B398F24FD}"
EndProject
Project("{FAE04EC0-301F-11D3-BF4B-00C04F79EFBC}") = "Unity.TextMeshPro", "Unity.TextMeshPro.csproj", "{3B2C100F-7B7A-D1E7-04B3-D48DE5D1A2E0}"
EndProject
Project("{FAE04EC0-301F-11D3-BF4B-00C04F79EFBC}") = "Unity.Timeline", "Unity.Timeline.csproj", "{D702C4C3-794F-38B1-A0AF-74E42CD3DDD3}"
EndProject
Project("{FAE04EC0-301F-11D3-BF4B-00C04F79EFBC}") = "Assembly-CSharp", "Assembly-CSharp.csproj", "{8C11B2A5-1CB5-D0E9-2B24-1B086293C9FF}"
EndProject
Project("{FAE04EC0-301F-11D3-BF4B-00C04F79EFBC}") = "Assembly-CSharp-firstpass", "Assembly-CSharp-firstpass.csproj", "{F66A77CE-24BE-5DE4-038C-D928F820A6BD}"
EndProject
Project("{FAE04EC0-301F-11D3-BF4B-00C04F79EFBC}") = "Unity.PlasticSCM.Editor", "Unity.PlasticSCM.Editor.csproj", "{CE8B7868-4BA2-3890-64D1-43F0C691A0A6}"
EndProject
Project("{FAE04EC0-301F-11D3-BF4B-00C04F79EFBC}") = "Unity.VisualScripting.Core.Editor", "Unity.VisualScripting.Core.Editor.csproj", "{AFCFEE62-E3D3-E28C-DDE4-298148B430B3}"
EndProject
Project("{FAE04EC0-301F-11D3-BF4B-00C04F79EFBC}") = "Unity.VisualScripting.Flow.Editor", "Unity.VisualScripting.Flow.Editor.csproj", "{43B090C8-D021-7A58-83E7-4E39DB4BC829}"
EndProject
Project("{FAE04EC0-301F-11D3-BF4B-00C04F79EFBC}") = "Unity.VisualStudio.Editor", "Unity.VisualStudio.Editor.csproj", "{C232FD93-8B81-0202-3477-2626366EEC61}"
EndProject
Project("{FAE04EC0-301F-11D3-BF4B-00C04F79EFBC}") = "Unity.Timeline.Editor", "Unity.Timeline.Editor.csproj", "{4D1FAE02-55EA-CA5E-B145-5006A0C05174}"
EndProject
Project("{FAE04EC0-301F-11D3-BF4B-00C04F79EFBC}") = "Unity.VisualScripting.State.Editor", "Unity.VisualScripting.State.Editor.csproj", "{B64D0119-9B95-0722-B671-D0EB44C06ECD}"
EndProject
Project("{FAE04EC0-301F-11D3-BF4B-00C04F79EFBC}") = "Unity.TextMeshPro.Editor", "Unity.TextMeshPro.Editor.csproj", "{C92DFDB5-3CA3-2C19-C78A-7B942FDE146A}"
EndProject
Project("{FAE04EC0-301F-11D3-BF4B-00C04F79EFBC}") = "Unity.VisualScripting.SettingsProvider.Editor", "Unity.VisualScripting.SettingsProvider.Editor.csproj", "{9C190DE4-3A8B-00BE-7519-E8736F8B869A}"
EndProject
Project("{FAE04EC0-301F-11D3-BF4B-00C04F79EFBC}") = "UnityEditor.TestRunner", "UnityEditor.TestRunner.csproj", "{095DD13D-E3D4-07C4-8F20-4E265ED647A0}"
EndProject
Project("{FAE04EC0-301F-11D3-BF4B-00C04F79EFBC}") = "Unity.TestTools.CodeCoverage.Editor", "Unity.TestTools.CodeCoverage.Editor.csproj", "{B5E3B680-E034-49FC-081B-0FE8E613F6AD}"
EndProject
Project("{FAE04EC0-301F-11D3-BF4B-00C04F79EFBC}") = "Unity.Rider.Editor", "Unity.Rider.Editor.csproj", "{704E2F2E-97B9-708B-470A-D1D6ABFD5C83}"
EndProject
Project("{FAE04EC0-301F-11D3-BF4B-00C04F79EFBC}") = "Unity.Performance.Profile-Analyzer.Editor", "Unity.Performance.Profile-Analyzer.Editor.csproj", "{D39BE29A-B3B4-4450-FEB8-95F650D851FB}"
EndProject
Project("{FAE04EC0-301F-11D3-BF4B-00C04F79EFBC}") = "Unity.VSCode.Editor", "Unity.VSCode.Editor.csproj", "{6635460E-443D-198E-8D12-C366ECFEAFB2}"
EndProject
Project("{FAE04EC0-301F-11D3-BF4B-00C04F79EFBC}") = "UnityEditor.UI", "UnityEditor.UI.csproj", "{9E15BF51-A978-2224-BEBD-D13672E36861}"
EndProject
Project("{FAE04EC0-301F-11D3-BF4B-00C04F79EFBC}") = "Unity.TestTools.CodeCoverage.Editor.OpenCover.Model", "Unity.TestTools.CodeCoverage.Editor.OpenCover.Model.csproj", "{97802D63-E85D-E929-2A65-F9915286DE03}"
EndProject
Project("{FAE04EC0-301F-11D3-BF4B-00C04F79EFBC}") = "Unity.EditorCoroutines.Editor", "Unity.EditorCoroutines.Editor.csproj", "{3CB1DF4A-C5A8-A28A-E7BF-80D3FB598C38}"
EndProject
Project("{FAE04EC0-301F-11D3-BF4B-00C04F79EFBC}") = "Unity.Settings.Editor", "Unity.Settings.Editor.csproj", "{4EBCBCA8-C27C-BAA6-F8EA-8128364E882C}"
EndProject
Project("{FAE04EC0-301F-11D3-BF4B-00C04F79EFBC}") = "Unity.CollabProxy.Editor", "Unity.CollabProxy.Editor.csproj", "{656FA23E-0E15-8872-9540-C5D2626A4695}"
EndProject
Project("{FAE04EC0-301F-11D3-BF4B-00C04F79EFBC}") = "Unity.TestTools.CodeCoverage.Editor.OpenCover.Mono.Reflection", "Unity.TestTools.CodeCoverage.Editor.OpenCover.Mono.Reflection.csproj", "{7C9090CB-7931-0DF8-C9DC-DADA6D6FB415}"
EndProject
Project("{FAE04EC0-301F-11D3-BF4B-00C04F79EFBC}") = "Unity.VisualScripting.Shared.Editor", "Unity.VisualScripting.Shared.Editor.csproj", "{077A00C9-E8B8-D393-87C2-CE677F7AA087}"
EndProject
Global
	GlobalSection(SolutionConfigurationPlatforms) = preSolution
		Debug|Any CPU = Debug|Any CPU
		Release|Any CPU = Release|Any CPU
	EndGlobalSection
	GlobalSection(ProjectConfigurationPlatforms) = postSolution
		{4161ECCF-7B07-C30C-37C1-01B068F7C8A3}.Debug|Any CPU.ActiveCfg = Debug|Any CPU
		{4161ECCF-7B07-C30C-37C1-01B068F7C8A3}.Debug|Any CPU.Build.0 = Debug|Any CPU
		{4161ECCF-7B07-C30C-37C1-01B068F7C8A3}.Release|Any CPU.ActiveCfg = Release|Any CPU
		{4161ECCF-7B07-C30C-37C1-01B068F7C8A3}.Release|Any CPU.Build.0 = Release|Any CPU
		{122859D1-3ACF-625F-EFAE-352D7C62BA9C}.Debug|Any CPU.ActiveCfg = Debug|Any CPU
		{122859D1-3ACF-625F-EFAE-352D7C62BA9C}.Debug|Any CPU.Build.0 = Debug|Any CPU
		{122859D1-3ACF-625F-EFAE-352D7C62BA9C}.Release|Any CPU.ActiveCfg = Release|Any CPU
		{122859D1-3ACF-625F-EFAE-352D7C62BA9C}.Release|Any CPU.Build.0 = Release|Any CPU
		{C3331D44-3579-71C6-EACC-D131E8AB35B4}.Debug|Any CPU.ActiveCfg = Debug|Any CPU
		{C3331D44-3579-71C6-EACC-D131E8AB35B4}.Debug|Any CPU.Build.0 = Debug|Any CPU
		{C3331D44-3579-71C6-EACC-D131E8AB35B4}.Release|Any CPU.ActiveCfg = Release|Any CPU
		{C3331D44-3579-71C6-EACC-D131E8AB35B4}.Release|Any CPU.Build.0 = Release|Any CPU
		{14D39FDC-90CA-1CB7-7DBD-E5FCBEEFE677}.Debug|Any CPU.ActiveCfg = Debug|Any CPU
		{14D39FDC-90CA-1CB7-7DBD-E5FCBEEFE677}.Debug|Any CPU.Build.0 = Debug|Any CPU
		{14D39FDC-90CA-1CB7-7DBD-E5FCBEEFE677}.Release|Any CPU.ActiveCfg = Release|Any CPU
		{14D39FDC-90CA-1CB7-7DBD-E5FCBEEFE677}.Release|Any CPU.Build.0 = Release|Any CPU
		{F13F1161-D871-EC9A-CFBD-DC6B398F24FD}.Debug|Any CPU.ActiveCfg = Debug|Any CPU
		{F13F1161-D871-EC9A-CFBD-DC6B398F24FD}.Debug|Any CPU.Build.0 = Debug|Any CPU
		{F13F1161-D871-EC9A-CFBD-DC6B398F24FD}.Release|Any CPU.ActiveCfg = Release|Any CPU
		{F13F1161-D871-EC9A-CFBD-DC6B398F24FD}.Release|Any CPU.Build.0 = Release|Any CPU
		{3B2C100F-7B7A-D1E7-04B3-D48DE5D1A2E0}.Debug|Any CPU.ActiveCfg = Debug|Any CPU
		{3B2C100F-7B7A-D1E7-04B3-D48DE5D1A2E0}.Debug|Any CPU.Build.0 = Debug|Any CPU
		{3B2C100F-7B7A-D1E7-04B3-D48DE5D1A2E0}.Release|Any CPU.ActiveCfg = Release|Any CPU
		{3B2C100F-7B7A-D1E7-04B3-D48DE5D1A2E0}.Release|Any CPU.Build.0 = Release|Any CPU
		{D702C4C3-794F-38B1-A0AF-74E42CD3DDD3}.Debug|Any CPU.ActiveCfg = Debug|Any CPU
		{D702C4C3-794F-38B1-A0AF-74E42CD3DDD3}.Debug|Any CPU.Build.0 = Debug|Any CPU
		{D702C4C3-794F-38B1-A0AF-74E42CD3DDD3}.Release|Any CPU.ActiveCfg = Release|Any CPU
		{D702C4C3-794F-38B1-A0AF-74E42CD3DDD3}.Release|Any CPU.Build.0 = Release|Any CPU
		{8C11B2A5-1CB5-D0E9-2B24-1B086293C9FF}.Debug|Any CPU.ActiveCfg = Debug|Any CPU
		{8C11B2A5-1CB5-D0E9-2B24-1B086293C9FF}.Debug|Any CPU.Build.0 = Debug|Any CPU
		{8C11B2A5-1CB5-D0E9-2B24-1B086293C9FF}.Release|Any CPU.ActiveCfg = Release|Any CPU
		{8C11B2A5-1CB5-D0E9-2B24-1B086293C9FF}.Release|Any CPU.Build.0 = Release|Any CPU
		{F66A77CE-24BE-5DE4-038C-D928F820A6BD}.Debug|Any CPU.ActiveCfg = Debug|Any CPU
		{F66A77CE-24BE-5DE4-038C-D928F820A6BD}.Debug|Any CPU.Build.0 = Debug|Any CPU
		{F66A77CE-24BE-5DE4-038C-D928F820A6BD}.Release|Any CPU.ActiveCfg = Release|Any CPU
		{F66A77CE-24BE-5DE4-038C-D928F820A6BD}.Release|Any CPU.Build.0 = Release|Any CPU
		{CE8B7868-4BA2-3890-64D1-43F0C691A0A6}.Debug|Any CPU.ActiveCfg = Debug|Any CPU
		{CE8B7868-4BA2-3890-64D1-43F0C691A0A6}.Debug|Any CPU.Build.0 = Debug|Any CPU
		{CE8B7868-4BA2-3890-64D1-43F0C691A0A6}.Release|Any CPU.ActiveCfg = Release|Any CPU
		{CE8B7868-4BA2-3890-64D1-43F0C691A0A6}.Release|Any CPU.Build.0 = Release|Any CPU
		{AFCFEE62-E3D3-E28C-DDE4-298148B430B3}.Debug|Any CPU.ActiveCfg = Debug|Any CPU
		{AFCFEE62-E3D3-E28C-DDE4-298148B430B3}.Debug|Any CPU.Build.0 = Debug|Any CPU
		{AFCFEE62-E3D3-E28C-DDE4-298148B430B3}.Release|Any CPU.ActiveCfg = Release|Any CPU
		{AFCFEE62-E3D3-E28C-DDE4-298148B430B3}.Release|Any CPU.Build.0 = Release|Any CPU
		{43B090C8-D021-7A58-83E7-4E39DB4BC829}.Debug|Any CPU.ActiveCfg = Debug|Any CPU
		{43B090C8-D021-7A58-83E7-4E39DB4BC829}.Debug|Any CPU.Build.0 = Debug|Any CPU
		{43B090C8-D021-7A58-83E7-4E39DB4BC829}.Release|Any CPU.ActiveCfg = Release|Any CPU
		{43B090C8-D021-7A58-83E7-4E39DB4BC829}.Release|Any CPU.Build.0 = Release|Any CPU
		{C232FD93-8B81-0202-3477-2626366EEC61}.Debug|Any CPU.ActiveCfg = Debug|Any CPU
		{C232FD93-8B81-0202-3477-2626366EEC61}.Debug|Any CPU.Build.0 = Debug|Any CPU
		{C232FD93-8B81-0202-3477-2626366EEC61}.Release|Any CPU.ActiveCfg = Release|Any CPU
		{C232FD93-8B81-0202-3477-2626366EEC61}.Release|Any CPU.Build.0 = Release|Any CPU
		{4D1FAE02-55EA-CA5E-B145-5006A0C05174}.Debug|Any CPU.ActiveCfg = Debug|Any CPU
		{4D1FAE02-55EA-CA5E-B145-5006A0C05174}.Debug|Any CPU.Build.0 = Debug|Any CPU
		{4D1FAE02-55EA-CA5E-B145-5006A0C05174}.Release|Any CPU.ActiveCfg = Release|Any CPU
		{4D1FAE02-55EA-CA5E-B145-5006A0C05174}.Release|Any CPU.Build.0 = Release|Any CPU
		{B64D0119-9B95-0722-B671-D0EB44C06ECD}.Debug|Any CPU.ActiveCfg = Debug|Any CPU
		{B64D0119-9B95-0722-B671-D0EB44C06ECD}.Debug|Any CPU.Build.0 = Debug|Any CPU
		{B64D0119-9B95-0722-B671-D0EB44C06ECD}.Release|Any CPU.ActiveCfg = Release|Any CPU
		{B64D0119-9B95-0722-B671-D0EB44C06ECD}.Release|Any CPU.Build.0 = Release|Any CPU
		{C92DFDB5-3CA3-2C19-C78A-7B942FDE146A}.Debug|Any CPU.ActiveCfg = Debug|Any CPU
		{C92DFDB5-3CA3-2C19-C78A-7B942FDE146A}.Debug|Any CPU.Build.0 = Debug|Any CPU
		{C92DFDB5-3CA3-2C19-C78A-7B942FDE146A}.Release|Any CPU.ActiveCfg = Release|Any CPU
		{C92DFDB5-3CA3-2C19-C78A-7B942FDE146A}.Release|Any CPU.Build.0 = Release|Any CPU
		{9C190DE4-3A8B-00BE-7519-E8736F8B869A}.Debug|Any CPU.ActiveCfg = Debug|Any CPU
		{9C190DE4-3A8B-00BE-7519-E8736F8B869A}.Debug|Any CPU.Build.0 = Debug|Any CPU
		{9C190DE4-3A8B-00BE-7519-E8736F8B869A}.Release|Any CPU.ActiveCfg = Release|Any CPU
		{9C190DE4-3A8B-00BE-7519-E8736F8B869A}.Release|Any CPU.Build.0 = Release|Any CPU
		{095DD13D-E3D4-07C4-8F20-4E265ED647A0}.Debug|Any CPU.ActiveCfg = Debug|Any CPU
		{095DD13D-E3D4-07C4-8F20-4E265ED647A0}.Debug|Any CPU.Build.0 = Debug|Any CPU
		{095DD13D-E3D4-07C4-8F20-4E265ED647A0}.Release|Any CPU.ActiveCfg = Release|Any CPU
		{095DD13D-E3D4-07C4-8F20-4E265ED647A0}.Release|Any CPU.Build.0 = Release|Any CPU
		{B5E3B680-E034-49FC-081B-0FE8E613F6AD}.Debug|Any CPU.ActiveCfg = Debug|Any CPU
		{B5E3B680-E034-49FC-081B-0FE8E613F6AD}.Debug|Any CPU.Build.0 = Debug|Any CPU
		{B5E3B680-E034-49FC-081B-0FE8E613F6AD}.Release|Any CPU.ActiveCfg = Release|Any CPU
		{B5E3B680-E034-49FC-081B-0FE8E613F6AD}.Release|Any CPU.Build.0 = Release|Any CPU
		{704E2F2E-97B9-708B-470A-D1D6ABFD5C83}.Debug|Any CPU.ActiveCfg = Debug|Any CPU
		{704E2F2E-97B9-708B-470A-D1D6ABFD5C83}.Debug|Any CPU.Build.0 = Debug|Any CPU
		{704E2F2E-97B9-708B-470A-D1D6ABFD5C83}.Release|Any CPU.ActiveCfg = Release|Any CPU
		{704E2F2E-97B9-708B-470A-D1D6ABFD5C83}.Release|Any CPU.Build.0 = Release|Any CPU
		{D39BE29A-B3B4-4450-FEB8-95F650D851FB}.Debug|Any CPU.ActiveCfg = Debug|Any CPU
		{D39BE29A-B3B4-4450-FEB8-95F650D851FB}.Debug|Any CPU.Build.0 = Debug|Any CPU
		{D39BE29A-B3B4-4450-FEB8-95F650D851FB}.Release|Any CPU.ActiveCfg = Release|Any CPU
		{D39BE29A-B3B4-4450-FEB8-95F650D851FB}.Release|Any CPU.Build.0 = Release|Any CPU
		{6635460E-443D-198E-8D12-C366ECFEAFB2}.Debug|Any CPU.ActiveCfg = Debug|Any CPU
		{6635460E-443D-198E-8D12-C366ECFEAFB2}.Debug|Any CPU.Build.0 = Debug|Any CPU
		{6635460E-443D-198E-8D12-C366ECFEAFB2}.Release|Any CPU.ActiveCfg = Release|Any CPU
		{6635460E-443D-198E-8D12-C366ECFEAFB2}.Release|Any CPU.Build.0 = Release|Any CPU
		{9E15BF51-A978-2224-BEBD-D13672E36861}.Debug|Any CPU.ActiveCfg = Debug|Any CPU
		{9E15BF51-A978-2224-BEBD-D13672E36861}.Debug|Any CPU.Build.0 = Debug|Any CPU
		{9E15BF51-A978-2224-BEBD-D13672E36861}.Release|Any CPU.ActiveCfg = Release|Any CPU
		{9E15BF51-A978-2224-BEBD-D13672E36861}.Release|Any CPU.Build.0 = Release|Any CPU
		{97802D63-E85D-E929-2A65-F9915286DE03}.Debug|Any CPU.ActiveCfg = Debug|Any CPU
		{97802D63-E85D-E929-2A65-F9915286DE03}.Debug|Any CPU.Build.0 = Debug|Any CPU
		{97802D63-E85D-E929-2A65-F9915286DE03}.Release|Any CPU.ActiveCfg = Release|Any CPU
		{97802D63-E85D-E929-2A65-F9915286DE03}.Release|Any CPU.Build.0 = Release|Any CPU
		{3CB1DF4A-C5A8-A28A-E7BF-80D3FB598C38}.Debug|Any CPU.ActiveCfg = Debug|Any CPU
		{3CB1DF4A-C5A8-A28A-E7BF-80D3FB598C38}.Debug|Any CPU.Build.0 = Debug|Any CPU
		{3CB1DF4A-C5A8-A28A-E7BF-80D3FB598C38}.Release|Any CPU.ActiveCfg = Release|Any CPU
		{3CB1DF4A-C5A8-A28A-E7BF-80D3FB598C38}.Release|Any CPU.Build.0 = Release|Any CPU
		{4EBCBCA8-C27C-BAA6-F8EA-8128364E882C}.Debug|Any CPU.ActiveCfg = Debug|Any CPU
		{4EBCBCA8-C27C-BAA6-F8EA-8128364E882C}.Debug|Any CPU.Build.0 = Debug|Any CPU
		{4EBCBCA8-C27C-BAA6-F8EA-8128364E882C}.Release|Any CPU.ActiveCfg = Release|Any CPU
		{4EBCBCA8-C27C-BAA6-F8EA-8128364E882C}.Release|Any CPU.Build.0 = Release|Any CPU
		{656FA23E-0E15-8872-9540-C5D2626A4695}.Debug|Any CPU.ActiveCfg = Debug|Any CPU
		{656FA23E-0E15-8872-9540-C5D2626A4695}.Debug|Any CPU.Build.0 = Debug|Any CPU
		{656FA23E-0E15-8872-9540-C5D2626A4695}.Release|Any CPU.ActiveCfg = Release|Any CPU
		{656FA23E-0E15-8872-9540-C5D2626A4695}.Release|Any CPU.Build.0 = Release|Any CPU
		{7C9090CB-7931-0DF8-C9DC-DADA6D6FB415}.Debug|Any CPU.ActiveCfg = Debug|Any CPU
		{7C9090CB-7931-0DF8-C9DC-DADA6D6FB415}.Debug|Any CPU.Build.0 = Debug|Any CPU
		{7C9090CB-7931-0DF8-C9DC-DADA6D6FB415}.Release|Any CPU.ActiveCfg = Release|Any CPU
		{7C9090CB-7931-0DF8-C9DC-DADA6D6FB415}.Release|Any CPU.Build.0 = Release|Any CPU
		{077A00C9-E8B8-D393-87C2-CE677F7AA087}.Debug|Any CPU.ActiveCfg = Debug|Any CPU
		{077A00C9-E8B8-D393-87C2-CE677F7AA087}.Debug|Any CPU.Build.0 = Debug|Any CPU
		{077A00C9-E8B8-D393-87C2-CE677F7AA087}.Release|Any CPU.ActiveCfg = Release|Any CPU
		{077A00C9-E8B8-D393-87C2-CE677F7AA087}.Release|Any CPU.Build.0 = Release|Any CPU
	EndGlobalSection
	GlobalSection(SolutionProperties) = preSolution
		HideSolutionNode = FALSE
	EndGlobalSection
EndGlobal
