
Microsoft Visual Studio Solution File, Format Version 12.00
# Visual Studio 15
Project("{FAE04EC0-301F-11D3-BF4B-00C04F79EFBC}") = "Assembly-CSharp", "Assembly-CSharp.csproj", "{3984EBE2-52F2-1D01-26B9-AF95B8D0FFAF}"
EndProject
Project("{FAE04EC0-301F-11D3-BF4B-00C04F79EFBC}") = "Assembly-CSharp-firstpass", "Assembly-CSharp-firstpass.csproj", "{318075F6-692F-4AEB-F846-375E0565193E}"
EndProject
Project("{FAE04EC0-301F-11D3-BF4B-00C04F79EFBC}") = "Assembly-CSharp-Editor", "Assembly-CSharp-Editor.csproj", "{5E7CF1AD-BF83-9AB2-41AF-08492E4CED27}"
EndProject
Project("{FAE04EC0-301F-11D3-BF4B-00C04F79EFBC}") = "Assembly-CSharp-Editor-firstpass", "Assembly-CSharp-Editor-firstpass.csproj", "{E066CF92-D0CB-0578-2EA7-CC639B3EB11D}"
EndProject
Global
	GlobalSection(SolutionConfigurationPlatforms) = preSolution
		Debug|Any CPU = Debug|Any CPU
		Release|Any CPU = Release|Any CPU
	EndGlobalSection
	GlobalSection(ProjectConfigurationPlatforms) = postSolution
		{3984EBE2-52F2-1D01-26B9-AF95B8D0FFAF}.Debug|Any CPU.ActiveCfg = Debug|Any CPU
		{3984EBE2-52F2-1D01-26B9-AF95B8D0FFAF}.Debug|Any CPU.Build.0 = Debug|Any CPU
		{3984EBE2-52F2-1D01-26B9-AF95B8D0FFAF}.Release|Any CPU.ActiveCfg = Release|Any CPU
		{3984EBE2-52F2-1D01-26B9-AF95B8D0FFAF}.Release|Any CPU.Build.0 = Release|Any CPU
		{318075F6-692F-4AEB-F846-375E0565193E}.Debug|Any CPU.ActiveCfg = Debug|Any CPU
		{318075F6-692F-4AEB-F846-375E0565193E}.Debug|Any CPU.Build.0 = Debug|Any CPU
		{318075F6-692F-4AEB-F846-375E0565193E}.Release|Any CPU.ActiveCfg = Release|Any CPU
		{318075F6-692F-4AEB-F846-375E0565193E}.Release|Any CPU.Build.0 = Release|Any CPU
		{5E7CF1AD-BF83-9AB2-41AF-08492E4CED27}.Debug|Any CPU.ActiveCfg = Debug|Any CPU
		{5E7CF1AD-BF83-9AB2-41AF-08492E4CED27}.Debug|Any CPU.Build.0 = Debug|Any CPU
		{5E7CF1AD-BF83-9AB2-41AF-08492E4CED27}.Release|Any CPU.ActiveCfg = Release|Any CPU
		{5E7CF1AD-BF83-9AB2-41AF-08492E4CED27}.Release|Any CPU.Build.0 = Release|Any CPU
		{E066CF92-D0CB-0578-2EA7-CC639B3EB11D}.Debug|Any CPU.ActiveCfg = Debug|Any CPU
		{E066CF92-D0CB-0578-2EA7-CC639B3EB11D}.Debug|Any CPU.Build.0 = Debug|Any CPU
		{E066CF92-D0CB-0578-2EA7-CC639B3EB11D}.Release|Any CPU.ActiveCfg = Release|Any CPU
		{E066CF92-D0CB-0578-2EA7-CC639B3EB11D}.Release|Any CPU.Build.0 = Release|Any CPU
	EndGlobalSection
	GlobalSection(SolutionProperties) = preSolution
		HideSolutionNode = FALSE
	EndGlobalSection
EndGlobal
